
Microsoft Visual Studio Solution File, Format Version 12.00
# Visual Studio Version 17
VisualStudioVersion = 17.6.33829.357
MinimumVisualStudioVersion = 10.0.40219.1
Project("{8BC9CEB8-8B4A-11D0-8D11-00A0C91BC942}") = "8.6 Shildt", "8.6 Shildt\8.6 Shildt.vcxproj", "{3CB16B75-6CEA-4225-8171-3DFCAEAAB38D}"
EndProject
Global
	GlobalSection(SolutionConfigurationPlatforms) = preSolution
		Debug|x64 = Debug|x64
		Debug|x86 = Debug|x86
		Release|x64 = Release|x64
		Release|x86 = Release|x86
	EndGlobalSection
	GlobalSection(ProjectConfigurationPlatforms) = postSolution
		{3CB16B75-6CEA-4225-8171-3DFCAEAAB38D}.Debug|x64.ActiveCfg = Debug|x64
		{3CB16B75-6CEA-4225-8171-3DFCAEAAB38D}.Debug|x64.Build.0 = Debug|x64
		{3CB16B75-6CEA-4225-8171-3DFCAEAAB38D}.Debug|x86.ActiveCfg = Debug|Win32
		{3CB16B75-6CEA-4225-8171-3DFCAEAAB38D}.Debug|x86.Build.0 = Debug|Win32
		{3CB16B75-6CEA-4225-8171-3DFCAEAAB38D}.Release|x64.ActiveCfg = Release|x64
		{3CB16B75-6CEA-4225-8171-3DFCAEAAB38D}.Release|x64.Build.0 = Release|x64
		{3CB16B75-6CEA-4225-8171-3DFCAEAAB38D}.Release|x86.ActiveCfg = Release|Win32
		{3CB16B75-6CEA-4225-8171-3DFCAEAAB38D}.Release|x86.Build.0 = Release|Win32
	EndGlobalSection
	GlobalSection(SolutionProperties) = preSolution
		HideSolutionNode = FALSE
	EndGlobalSection
	GlobalSection(ExtensibilityGlobals) = postSolution
		SolutionGuid = {67E9819D-3F90-4053-99ED-AED5C46A9F32}
	EndGlobalSection
EndGlobal
